
Microsoft Visual Studio Solution File, Format Version 12.00
# Visual Studio Version 16
VisualStudioVersion = 16.0.31515.178
MinimumVisualStudioVersion = 10.0.40219.1
Project("{FAE04EC0-301F-11D3-BF4B-00C04F79EFBC}") = "MiprimeraAplicacion", "MiprimeraAplicacion\MiprimeraAplicacion.csproj", "{3C9910F3-2446-4DAF-9B2C-2FBC4F6F342D}"
EndProject
Global
	GlobalSection(SolutionConfigurationPlatforms) = preSolution
		Debug|Any CPU = Debug|Any CPU
		Release|Any CPU = Release|Any CPU
	EndGlobalSection
	GlobalSection(ProjectConfigurationPlatforms) = postSolution
		{3C9910F3-2446-4DAF-9B2C-2FBC4F6F342D}.Debug|Any CPU.ActiveCfg = Debug|Any CPU
		{3C9910F3-2446-4DAF-9B2C-2FBC4F6F342D}.Debug|Any CPU.Build.0 = Debug|Any CPU
		{3C9910F3-2446-4DAF-9B2C-2FBC4F6F342D}.Release|Any CPU.ActiveCfg = Release|Any CPU
		{3C9910F3-2446-4DAF-9B2C-2FBC4F6F342D}.Release|Any CPU.Build.0 = Release|Any CPU
	EndGlobalSection
	GlobalSection(SolutionProperties) = preSolution
		HideSolutionNode = FALSE
	EndGlobalSection
	GlobalSection(ExtensibilityGlobals) = postSolution
		SolutionGuid = {AB39C633-3D85-41C5-BC51-939DF63D6DAA}
	EndGlobalSection
EndGlobal
