
Microsoft Visual Studio Solution File, Format Version 12.00
# Visual Studio Version 16
VisualStudioVersion = 16.0.31515.178
MinimumVisualStudioVersion = 10.0.40219.1
Project("{FAE04EC0-301F-11D3-BF4B-00C04F79EFBC}") = "FacturaXD", "FacturaXD.csproj", "{3A8C28DF-ED9E-4E50-ABBF-79AEDB25F1DF}"
EndProject
Project("{FAE04EC0-301F-11D3-BF4B-00C04F79EFBC}") = "MiLibreriaBuenaULT", "..\MiLibreriaBuenaULT\MiLibreriaBuenaULT.csproj", "{933BEF78-1310-4C90-AB12-86FDA4406E59}"
EndProject
Global
	GlobalSection(SolutionConfigurationPlatforms) = preSolution
		Debug|Any CPU = Debug|Any CPU
		Release|Any CPU = Release|Any CPU
	EndGlobalSection
	GlobalSection(ProjectConfigurationPlatforms) = postSolution
		{3A8C28DF-ED9E-4E50-ABBF-79AEDB25F1DF}.Debug|Any CPU.ActiveCfg = Debug|Any CPU
		{3A8C28DF-ED9E-4E50-ABBF-79AEDB25F1DF}.Debug|Any CPU.Build.0 = Debug|Any CPU
		{3A8C28DF-ED9E-4E50-ABBF-79AEDB25F1DF}.Release|Any CPU.ActiveCfg = Release|Any CPU
		{3A8C28DF-ED9E-4E50-ABBF-79AEDB25F1DF}.Release|Any CPU.Build.0 = Release|Any CPU
		{933BEF78-1310-4C90-AB12-86FDA4406E59}.Debug|Any CPU.ActiveCfg = Debug|Any CPU
		{933BEF78-1310-4C90-AB12-86FDA4406E59}.Debug|Any CPU.Build.0 = Debug|Any CPU
		{933BEF78-1310-4C90-AB12-86FDA4406E59}.Release|Any CPU.ActiveCfg = Release|Any CPU
		{933BEF78-1310-4C90-AB12-86FDA4406E59}.Release|Any CPU.Build.0 = Release|Any CPU
	EndGlobalSection
	GlobalSection(SolutionProperties) = preSolution
		HideSolutionNode = FALSE
	EndGlobalSection
	GlobalSection(ExtensibilityGlobals) = postSolution
		SolutionGuid = {BF5D5BB8-706C-4D2A-9719-E414F16AB209}
	EndGlobalSection
EndGlobal
