
Microsoft Visual Studio Solution File, Format Version 12.00
# Visual Studio Version 16
VisualStudioVersion = 16.0.31515.178
MinimumVisualStudioVersion = 10.0.40219.1
Project("{FAE04EC0-301F-11D3-BF4B-00C04F79EFBC}") = "Operadores", "Operadores\Operadores.csproj", "{1F6BDC64-6FE9-4C38-A70D-E49EE4CD1A06}"
EndProject
Project("{FAE04EC0-301F-11D3-BF4B-00C04F79EFBC}") = "Condicionales", "Condicionales\Condicionales.csproj", "{0C2DADD4-8FB4-48CC-AE8D-B1A63BD5ABFD}"
EndProject
Project("{FAE04EC0-301F-11D3-BF4B-00C04F79EFBC}") = "MetodoTryParse", "MetodoTryParse\MetodoTryParse.csproj", "{A357F61F-FE36-4EBB-A848-8E648D7799DB}"
EndProject
Project("{FAE04EC0-301F-11D3-BF4B-00C04F79EFBC}") = "ElseIf", "ElseIf\ElseIf.csproj", "{059DBD00-C933-494F-9AC9-F89B78D4B7F0}"
EndProject
Project("{FAE04EC0-301F-11D3-BF4B-00C04F79EFBC}") = "Switch", "Switch\Switch.csproj", "{A5CBA5F1-CB1C-4755-BCD7-15ADB586584A}"
EndProject
Project("{FAE04EC0-301F-11D3-BF4B-00C04F79EFBC}") = "DeclaracionIfMejorada", "DeclaracionIfMejorada\DeclaracionIfMejorada.csproj", "{E21E82A7-A4BA-497C-81DB-BC0D0C246D3D}"
EndProject
Project("{FAE04EC0-301F-11D3-BF4B-00C04F79EFBC}") = "Loops", "Loops\Loops.csproj", "{FA0CCBA5-C329-46CD-B464-C9977677702A}"
EndProject
Project("{FAE04EC0-301F-11D3-BF4B-00C04F79EFBC}") = "LoopDoWhile", "LoopDoWhile\LoopDoWhile.csproj", "{25343431-28E3-43E9-89F9-D567D52474FF}"
EndProject
Project("{FAE04EC0-301F-11D3-BF4B-00C04F79EFBC}") = "LoopWhile", "LoopWhile\LoopWhile.csproj", "{C3EA2B70-8F01-4075-ABC7-D98648D1A835}"
EndProject
Project("{FAE04EC0-301F-11D3-BF4B-00C04F79EFBC}") = "IfAnidado", "IfAnidado\IfAnidado.csproj", "{57D18754-9FCB-44A3-8269-780CA819A73B}"
EndProject
Project("{FAE04EC0-301F-11D3-BF4B-00C04F79EFBC}") = "BreakYContinue", "BreakYContinue\BreakYContinue.csproj", "{335CEF5B-D091-489B-8FAD-788178C198EA}"
EndProject
Global
	GlobalSection(SolutionConfigurationPlatforms) = preSolution
		Debug|Any CPU = Debug|Any CPU
		Release|Any CPU = Release|Any CPU
	EndGlobalSection
	GlobalSection(ProjectConfigurationPlatforms) = postSolution
		{1F6BDC64-6FE9-4C38-A70D-E49EE4CD1A06}.Debug|Any CPU.ActiveCfg = Debug|Any CPU
		{1F6BDC64-6FE9-4C38-A70D-E49EE4CD1A06}.Debug|Any CPU.Build.0 = Debug|Any CPU
		{1F6BDC64-6FE9-4C38-A70D-E49EE4CD1A06}.Release|Any CPU.ActiveCfg = Release|Any CPU
		{1F6BDC64-6FE9-4C38-A70D-E49EE4CD1A06}.Release|Any CPU.Build.0 = Release|Any CPU
		{0C2DADD4-8FB4-48CC-AE8D-B1A63BD5ABFD}.Debug|Any CPU.ActiveCfg = Debug|Any CPU
		{0C2DADD4-8FB4-48CC-AE8D-B1A63BD5ABFD}.Debug|Any CPU.Build.0 = Debug|Any CPU
		{0C2DADD4-8FB4-48CC-AE8D-B1A63BD5ABFD}.Release|Any CPU.ActiveCfg = Release|Any CPU
		{0C2DADD4-8FB4-48CC-AE8D-B1A63BD5ABFD}.Release|Any CPU.Build.0 = Release|Any CPU
		{A357F61F-FE36-4EBB-A848-8E648D7799DB}.Debug|Any CPU.ActiveCfg = Debug|Any CPU
		{A357F61F-FE36-4EBB-A848-8E648D7799DB}.Debug|Any CPU.Build.0 = Debug|Any CPU
		{A357F61F-FE36-4EBB-A848-8E648D7799DB}.Release|Any CPU.ActiveCfg = Release|Any CPU
		{A357F61F-FE36-4EBB-A848-8E648D7799DB}.Release|Any CPU.Build.0 = Release|Any CPU
		{059DBD00-C933-494F-9AC9-F89B78D4B7F0}.Debug|Any CPU.ActiveCfg = Debug|Any CPU
		{059DBD00-C933-494F-9AC9-F89B78D4B7F0}.Debug|Any CPU.Build.0 = Debug|Any CPU
		{059DBD00-C933-494F-9AC9-F89B78D4B7F0}.Release|Any CPU.ActiveCfg = Release|Any CPU
		{059DBD00-C933-494F-9AC9-F89B78D4B7F0}.Release|Any CPU.Build.0 = Release|Any CPU
		{A5CBA5F1-CB1C-4755-BCD7-15ADB586584A}.Debug|Any CPU.ActiveCfg = Debug|Any CPU
		{A5CBA5F1-CB1C-4755-BCD7-15ADB586584A}.Debug|Any CPU.Build.0 = Debug|Any CPU
		{A5CBA5F1-CB1C-4755-BCD7-15ADB586584A}.Release|Any CPU.ActiveCfg = Release|Any CPU
		{A5CBA5F1-CB1C-4755-BCD7-15ADB586584A}.Release|Any CPU.Build.0 = Release|Any CPU
		{E21E82A7-A4BA-497C-81DB-BC0D0C246D3D}.Debug|Any CPU.ActiveCfg = Debug|Any CPU
		{E21E82A7-A4BA-497C-81DB-BC0D0C246D3D}.Debug|Any CPU.Build.0 = Debug|Any CPU
		{E21E82A7-A4BA-497C-81DB-BC0D0C246D3D}.Release|Any CPU.ActiveCfg = Release|Any CPU
		{E21E82A7-A4BA-497C-81DB-BC0D0C246D3D}.Release|Any CPU.Build.0 = Release|Any CPU
		{FA0CCBA5-C329-46CD-B464-C9977677702A}.Debug|Any CPU.ActiveCfg = Debug|Any CPU
		{FA0CCBA5-C329-46CD-B464-C9977677702A}.Debug|Any CPU.Build.0 = Debug|Any CPU
		{FA0CCBA5-C329-46CD-B464-C9977677702A}.Release|Any CPU.ActiveCfg = Release|Any CPU
		{FA0CCBA5-C329-46CD-B464-C9977677702A}.Release|Any CPU.Build.0 = Release|Any CPU
		{25343431-28E3-43E9-89F9-D567D52474FF}.Debug|Any CPU.ActiveCfg = Debug|Any CPU
		{25343431-28E3-43E9-89F9-D567D52474FF}.Debug|Any CPU.Build.0 = Debug|Any CPU
		{25343431-28E3-43E9-89F9-D567D52474FF}.Release|Any CPU.ActiveCfg = Release|Any CPU
		{25343431-28E3-43E9-89F9-D567D52474FF}.Release|Any CPU.Build.0 = Release|Any CPU
		{C3EA2B70-8F01-4075-ABC7-D98648D1A835}.Debug|Any CPU.ActiveCfg = Debug|Any CPU
		{C3EA2B70-8F01-4075-ABC7-D98648D1A835}.Debug|Any CPU.Build.0 = Debug|Any CPU
		{C3EA2B70-8F01-4075-ABC7-D98648D1A835}.Release|Any CPU.ActiveCfg = Release|Any CPU
		{C3EA2B70-8F01-4075-ABC7-D98648D1A835}.Release|Any CPU.Build.0 = Release|Any CPU
		{57D18754-9FCB-44A3-8269-780CA819A73B}.Debug|Any CPU.ActiveCfg = Debug|Any CPU
		{57D18754-9FCB-44A3-8269-780CA819A73B}.Debug|Any CPU.Build.0 = Debug|Any CPU
		{57D18754-9FCB-44A3-8269-780CA819A73B}.Release|Any CPU.ActiveCfg = Release|Any CPU
		{57D18754-9FCB-44A3-8269-780CA819A73B}.Release|Any CPU.Build.0 = Release|Any CPU
		{335CEF5B-D091-489B-8FAD-788178C198EA}.Debug|Any CPU.ActiveCfg = Debug|Any CPU
		{335CEF5B-D091-489B-8FAD-788178C198EA}.Debug|Any CPU.Build.0 = Debug|Any CPU
		{335CEF5B-D091-489B-8FAD-788178C198EA}.Release|Any CPU.ActiveCfg = Release|Any CPU
		{335CEF5B-D091-489B-8FAD-788178C198EA}.Release|Any CPU.Build.0 = Release|Any CPU
	EndGlobalSection
	GlobalSection(SolutionProperties) = preSolution
		HideSolutionNode = FALSE
	EndGlobalSection
	GlobalSection(ExtensibilityGlobals) = postSolution
		SolutionGuid = {0DADCA2A-11E8-4859-8EF7-F1B7AD4CE87C}
	EndGlobalSection
EndGlobal
