
Microsoft Visual Studio Solution File, Format Version 12.00
# Visual Studio Version 16
VisualStudioVersion = 16.0.31515.178
MinimumVisualStudioVersion = 10.0.40219.1
Project("{FAE04EC0-301F-11D3-BF4B-00C04F79EFBC}") = "PropiedadesVentana", "PropiedadesVentana\PropiedadesVentana.csproj", "{12401FD4-E48B-4B52-AE48-7CAF61C022B5}"
EndProject
Global
	GlobalSection(SolutionConfigurationPlatforms) = preSolution
		Debug|Any CPU = Debug|Any CPU
		Release|Any CPU = Release|Any CPU
	EndGlobalSection
	GlobalSection(ProjectConfigurationPlatforms) = postSolution
		{12401FD4-E48B-4B52-AE48-7CAF61C022B5}.Debug|Any CPU.ActiveCfg = Debug|Any CPU
		{12401FD4-E48B-4B52-AE48-7CAF61C022B5}.Debug|Any CPU.Build.0 = Debug|Any CPU
		{12401FD4-E48B-4B52-AE48-7CAF61C022B5}.Release|Any CPU.ActiveCfg = Release|Any CPU
		{12401FD4-E48B-4B52-AE48-7CAF61C022B5}.Release|Any CPU.Build.0 = Release|Any CPU
	EndGlobalSection
	GlobalSection(SolutionProperties) = preSolution
		HideSolutionNode = FALSE
	EndGlobalSection
	GlobalSection(ExtensibilityGlobals) = postSolution
		SolutionGuid = {D9B66F16-02EC-45E4-B5D8-47D43B3E5E41}
	EndGlobalSection
EndGlobal
