
Microsoft Visual Studio Solution File, Format Version 12.00
# Visual Studio Version 16
VisualStudioVersion = 16.0.31515.178
MinimumVisualStudioVersion = 10.0.40219.1
Project("{FAE04EC0-301F-11D3-BF4B-00C04F79EFBC}") = "TemporizadorProfesional", "TemporizadorProfesional\TemporizadorProfesional.csproj", "{48B6932C-0C1B-4EAE-A746-432DA975BABB}"
EndProject
Global
	GlobalSection(SolutionConfigurationPlatforms) = preSolution
		Debug|Any CPU = Debug|Any CPU
		Release|Any CPU = Release|Any CPU
	EndGlobalSection
	GlobalSection(ProjectConfigurationPlatforms) = postSolution
		{48B6932C-0C1B-4EAE-A746-432DA975BABB}.Debug|Any CPU.ActiveCfg = Debug|Any CPU
		{48B6932C-0C1B-4EAE-A746-432DA975BABB}.Debug|Any CPU.Build.0 = Debug|Any CPU
		{48B6932C-0C1B-4EAE-A746-432DA975BABB}.Release|Any CPU.ActiveCfg = Release|Any CPU
		{48B6932C-0C1B-4EAE-A746-432DA975BABB}.Release|Any CPU.Build.0 = Release|Any CPU
	EndGlobalSection
	GlobalSection(SolutionProperties) = preSolution
		HideSolutionNode = FALSE
	EndGlobalSection
	GlobalSection(ExtensibilityGlobals) = postSolution
		SolutionGuid = {9DF2265C-4C68-4C7E-A1BB-0B7449C20C6E}
	EndGlobalSection
EndGlobal
