
Microsoft Visual Studio Solution File, Format Version 12.00
# Visual Studio Version 16
VisualStudioVersion = 16.0.31515.178
MinimumVisualStudioVersion = 10.0.40219.1
Project("{FAE04EC0-301F-11D3-BF4B-00C04F79EFBC}") = "FacturxD", "FacturxD\FacturxD.csproj", "{BC643D05-ABB1-4640-BF12-060952D9D96E}"
EndProject
Project("{FAE04EC0-301F-11D3-BF4B-00C04F79EFBC}") = "MiLibreria", "MiLibreria\MiLibreria.csproj", "{57385A5A-C682-459C-8192-68B448BC7C57}"
EndProject
Global
	GlobalSection(SolutionConfigurationPlatforms) = preSolution
		Debug|Any CPU = Debug|Any CPU
		Release|Any CPU = Release|Any CPU
	EndGlobalSection
	GlobalSection(ProjectConfigurationPlatforms) = postSolution
		{BC643D05-ABB1-4640-BF12-060952D9D96E}.Debug|Any CPU.ActiveCfg = Debug|Any CPU
		{BC643D05-ABB1-4640-BF12-060952D9D96E}.Debug|Any CPU.Build.0 = Debug|Any CPU
		{BC643D05-ABB1-4640-BF12-060952D9D96E}.Release|Any CPU.ActiveCfg = Release|Any CPU
		{BC643D05-ABB1-4640-BF12-060952D9D96E}.Release|Any CPU.Build.0 = Release|Any CPU
		{57385A5A-C682-459C-8192-68B448BC7C57}.Debug|Any CPU.ActiveCfg = Debug|Any CPU
		{57385A5A-C682-459C-8192-68B448BC7C57}.Debug|Any CPU.Build.0 = Debug|Any CPU
		{57385A5A-C682-459C-8192-68B448BC7C57}.Release|Any CPU.ActiveCfg = Release|Any CPU
		{57385A5A-C682-459C-8192-68B448BC7C57}.Release|Any CPU.Build.0 = Release|Any CPU
	EndGlobalSection
	GlobalSection(SolutionProperties) = preSolution
		HideSolutionNode = FALSE
	EndGlobalSection
	GlobalSection(ExtensibilityGlobals) = postSolution
		SolutionGuid = {41DAAEE1-6AAC-426B-BEBC-87730992DD1C}
	EndGlobalSection
EndGlobal
