
Microsoft Visual Studio Solution File, Format Version 12.00
# Visual Studio Version 16
VisualStudioVersion = 16.0.31515.178
MinimumVisualStudioVersion = 10.0.40219.1
Project("{FAE04EC0-301F-11D3-BF4B-00C04F79EFBC}") = "Herencias", "Herencias\Herencias.csproj", "{3B6885DC-F092-4851-BF4F-B24973140382}"
EndProject
Global
	GlobalSection(SolutionConfigurationPlatforms) = preSolution
		Debug|Any CPU = Debug|Any CPU
		Release|Any CPU = Release|Any CPU
	EndGlobalSection
	GlobalSection(ProjectConfigurationPlatforms) = postSolution
		{3B6885DC-F092-4851-BF4F-B24973140382}.Debug|Any CPU.ActiveCfg = Debug|Any CPU
		{3B6885DC-F092-4851-BF4F-B24973140382}.Debug|Any CPU.Build.0 = Debug|Any CPU
		{3B6885DC-F092-4851-BF4F-B24973140382}.Release|Any CPU.ActiveCfg = Release|Any CPU
		{3B6885DC-F092-4851-BF4F-B24973140382}.Release|Any CPU.Build.0 = Release|Any CPU
	EndGlobalSection
	GlobalSection(SolutionProperties) = preSolution
		HideSolutionNode = FALSE
	EndGlobalSection
	GlobalSection(ExtensibilityGlobals) = postSolution
		SolutionGuid = {618EEAFC-B9F2-4FEB-8F0E-8FC376D1FC12}
	EndGlobalSection
EndGlobal
